# This file was autogenerated by Stack.
# You should not edit this file by hand.
# For more information, please see the documentation at:
#   https://docs.haskellstack.org/en/stable/lock_files

packages:
- completed:
    hackage: ncurses-0.2.16@sha256:8ad9fe6562a80d28166d76adbac1eb4d40c6511fe4e9272ed6e1166dc2f1cdf1,3575
    pantry-tree:
      size: 674
      sha256: 093bdc85ed518c81724f5b6b81c24ab4ebdd231551861f4feaa43361136f70b7
  original:
    hackage: ncurses-0.2.16
- completed:
    hackage: req-3.1.0@sha256:c42bf205421a3a07749c725d1a9ebd494dd577cd2f7f62e7ff26a98b3229da1c,4800
    pantry-tree:
      size: 712
      sha256: d91f5677cf1adc0a121fa9aa330270c7eb273f499ba519383a29b0f6b0d4bf22
  original:
    hackage: req-3.1.0
snapshots:
- completed:
    size: 545658
    url: https://raw.githubusercontent.com/commercialhaskell/stackage-snapshots/master/lts/14/12.yaml
    sha256: 26b807457213126d26b595439d705dc824dbb7618b0de6b900adc2bf6a059406
  original: lts-14.12
